// !$*UTF8*$!
{
 archiveVersion = 1;
 classes = {};
 objectVersion = 56;
 objects = {
  00D7EB41614D5090B4228348 = {isa = PBXBuildFile; fileRef = 25612E6DA42C421D20C6D3D9;};
  0561B6B779527A2FA058B6AB = {isa = PBXBuildFile; fileRef = B8FA18644A594FE11B39A425;};
  0A3E27B8CA818264D75C8D81 = {isa = PBXGroup; children = ( 9D58BC5006494BBFB4BBED7E, 48E651DDDA7AF394243DF18B, FEF24A03E218B7E661F1514E, ); name = Products; sourceTree = "<group>";};
  0D6E4079E36703EBD37C0072 = {isa = PBXGroup; children = ( 9170CB2C722DAA146CFB52B2, 284500A77BC7D244ABF1A6C4, 98C7E4E55DFE75AC41498A5F, 0A3E27B8CA818264D75C8D81, ); sourceTree = "<group>";};
  0E648D4B5312D5E7F469880A = {isa = PBXFileReference; lastKnownFileType = sourcecode.swift; path = "Services/BackupService.swift"; sourceTree = "<group>";};
  0F98D2893D4A9D9610C6F775 = {isa = PBXFileReference; lastKnownFileType = sourcecode.swift; path = "Views/AddFood/FoodPicker.swift"; sourceTree = "<group>";};
  110A5DF01E95D802C713DBF9 = {isa = PBXBuildFile; fileRef = EF122B9C670CF5D23664C22A;};
  16F9527D38949E215C7B837F = {isa = PBXBuildFile; fileRef = 42B06850715DE293DDE93DC9;};
  20DCED55DD2A14B807236F36 = {isa = PBXBuildFile; fileRef = B0D147C5E33B1E716BDABDFE;};
  212E30202E2EBE59639C3B2F = {isa = PBXFileReference; lastKnownFileType = sourcecode.swift; path = "Utilities/Drafts.swift"; sourceTree = "<group>";};
  218E18563DE7C0C28F2632B3 = {isa = PBXFileReference; lastKnownFileType = sourcecode.swift; path = "Views/Progress/MeasurementEditor.swift"; sourceTree = "<group>";};
  244210E48437B6556980A702 = {isa = PBXProject; attributes = {BuildIndependentTargetsInParallel = YES; LastSwiftUpdateCheck = 1600; LastUpgradeCheck = 1600; TargetAttributes = {B4FA0BFB84F99CF469BBFAD6 = {CreatedOnToolsVersion = 16.0;}; 5A6D0943210102DB705EEADF = {CreatedOnToolsVersion = 16.0; TestTargetID = B4FA0BFB84F99CF469BBFAD6;}; D565FD57DCB09BAB8B6C2C64 = {CreatedOnToolsVersion = 16.0; TestTargetID = B4FA0BFB84F99CF469BBFAD6;};};}; buildConfigurationList = 9879E227F5AD614B3D33074F; compatibilityVersion = "Xcode 14.0"; developmentRegion = en; hasScannedForEncodings = 0; knownRegions = (en, Base); mainGroup = 0D6E4079E36703EBD37C0072; productRefGroup = 0A3E27B8CA818264D75C8D81; projectDirPath = ""; projectRoot = ""; targets = ( B4FA0BFB84F99CF469BBFAD6, 5A6D0943210102DB705EEADF, D565FD57DCB09BAB8B6C2C64, );};
  25612E6DA42C421D20C6D3D9 = {isa = PBXFileReference; lastKnownFileType = sourcecode.swift; path = "Views/Diary/DailyNoteEditor.swift"; sourceTree = "<group>";};
  256766D316DB8A9BE953BA09 = {isa = PBXBuildFile; fileRef = 39DAF8FA6432844A86002DEA;};
  26DA5F9BBE29A0AD04546182 = {isa = PBXBuildFile; fileRef = 92F074598E92CE72F34E423C;};
  274CC549B55556E5F08CBC01 = {isa = PBXResourcesBuildPhase; buildActionMask = 2147483647; files = (); runOnlyForDeploymentPostprocessing = 0;};
  284500A77BC7D244ABF1A6C4 = {isa = PBXGroup; children = ( EF122B9C670CF5D23664C22A, 30A3E2BF0AEF48DF1D60EED5, 95C23DE335DB07D154EE4BB4, 5D926B7D877B72BDB9D42830, ); path = CalorieCutTests; sourceTree = "<group>";};
  2B77E32265DE92BBC4F7960F = {isa = PBXBuildFile; fileRef = 816C2FFD6084153FEDAB02FA;};
  2C6F527E07CBA703643EE742 = {isa = PBXBuildFile; fileRef = ADF9495F03053D8B0A121056;};
  2D812023B22279D8D42800C6 = {isa = PBXContainerItemProxy; containerPortal = 244210E48437B6556980A702; proxyType = 1; remoteGlobalIDString = B4FA0BFB84F99CF469BBFAD6; remoteInfo = CalorieCut;};
  30A3E2BF0AEF48DF1D60EED5 = {isa = PBXFileReference; lastKnownFileType = sourcecode.swift; path = "CalculationTests.swift"; sourceTree = "<group>";};
  32F2114E9EDA9F4598F72479 = {isa = PBXFileReference; lastKnownFileType = sourcecode.swift; path = "Utilities/Formatting.swift"; sourceTree = "<group>";};
  33255ED830C8273EF3007EB8 = {isa = PBXBuildFile; fileRef = D831F72DBEB741585285C847;};
  3481DD4849C10AF3E68D5E3E = {isa = PBXFrameworksBuildPhase; buildActionMask = 2147483647; files = (); runOnlyForDeploymentPostprocessing = 0;};
  37914F1FC4D176CB8DEBF89E = {isa = PBXFileReference; lastKnownFileType = sourcecode.swift; path = "CalorieCutUITests.swift"; sourceTree = "<group>";};
  392BDC3F55CEC1885F16285B = {isa = PBXFileReference; lastKnownFileType = text.xml; path = "Resources/PrivacyInfo.xcprivacy"; sourceTree = "<group>";};
  39DAF8FA6432844A86002DEA = {isa = PBXFileReference; lastKnownFileType = sourcecode.swift; path = "Components/DesignSystem.swift"; sourceTree = "<group>";};
  3CCE7051BAA1B8E65CDEECD3 = {isa = XCBuildConfiguration; buildSettings = { CLANG_ENABLE_MODULES = "YES"; CLANG_ENABLE_OBJC_ARC = "YES"; CLANG_WARN_DOCUMENTATION_COMMENTS = "YES"; CLANG_WARN_QUOTED_INCLUDE_IN_FRAMEWORK_HEADER = "YES"; GCC_C_LANGUAGE_STANDARD = "gnu17"; SWIFT_STRICT_CONCURRENCY = "targeted"; DEBUG_INFORMATION_FORMAT = "dwarf"; ENABLE_TESTABILITY = "YES"; ONLY_ACTIVE_ARCH = "YES"; SWIFT_ACTIVE_COMPILATION_CONDITIONS = "DEBUG $(inherited)"; }; name = Debug;};
  3F21F80759ECE8A1EAFD5CD5 = {isa = PBXFileReference; lastKnownFileType = sourcecode.swift; path = "Views/Progress/ProgressViewScreen.swift"; sourceTree = "<group>";};
  42B06850715DE293DDE93DC9 = {isa = PBXFileReference; lastKnownFileType = sourcecode.swift; path = "Views/Diary/DiaryView.swift"; sourceTree = "<group>";};
  48E651DDDA7AF394243DF18B = {isa = PBXFileReference; explicitFileType = wrapper.cfbundle; includeInIndex = 0; path = CalorieCutTests.xctest; sourceTree = BUILT_PRODUCTS_DIR;};
  4D29F96043A54D4B5B6AC301 = {isa = PBXFileReference; lastKnownFileType = sourcecode.swift; path = "Components/MealSection.swift"; sourceTree = "<group>";};
  4F8A62816F4D613D23E809FE = {isa = PBXBuildFile; fileRef = 37914F1FC4D176CB8DEBF89E;};
  52B3DC179893DC992AD78285 = {isa = PBXFileReference; lastKnownFileType = sourcecode.swift; path = "Views/Onboarding/ProfileForm.swift"; sourceTree = "<group>";};
  5A6D0943210102DB705EEADF = {isa = PBXNativeTarget; buildConfigurationList = F8C24B7E9944685765D32C9E; buildPhases = ( E20117F426AABB6B3C55B80E, 872AFF8CF96426B2FB5DF3EE, 8233A44022E014313732BEFC, ); buildRules = (); dependencies = ( 6F75480D774A8B9467D27A73, ); name = CalorieCutTests; productName = CalorieCutTests; productReference = 48E651DDDA7AF394243DF18B; productType = "com.apple.product-type.bundle.unit-test";};
  5BE55FF6611277706BA1683E = {isa = PBXBuildFile; fileRef = BF62AA98376D009319A215C2;};
  5C27E0885D8514EDEF3D315E = {isa = PBXContainerItemProxy; containerPortal = 244210E48437B6556980A702; proxyType = 1; remoteGlobalIDString = B4FA0BFB84F99CF469BBFAD6; remoteInfo = CalorieCut;};
  5D926B7D877B72BDB9D42830 = {isa = PBXFileReference; lastKnownFileType = sourcecode.swift; path = "PersistenceTests.swift"; sourceTree = "<group>";};
  618BD4A958228A573C7BF3F6 = {isa = PBXFileReference; lastKnownFileType = text.plist.xml; path = Resources/Info.plist; sourceTree = "<group>";};
  62C17AA03FEF0D27CCAEC35C = {isa = PBXSourcesBuildPhase; buildActionMask = 2147483647; files = ( C4E4EC6AF5A9A246DB927B1F, 256766D316DB8A9BE953BA09, C1B348F3D4556C7A8D4772ED, 5BE55FF6611277706BA1683E, 20DCED55DD2A14B807236F36, F96C30CB74542D621CCBAA58, 63AAF63FED4E3608522B7ED9, B0A78262212BD74DA82DF4BE, 26DA5F9BBE29A0AD04546182, 80D67B0DB94C38F2BC649E59, EC1D68DC03611C6D5D2BF83A, 79685056B7F1156AFAC49DCE, AA94B2A8EFF1E3B210B87161, E9976E98DF4405BB1B1BA213, EF91A4F8DB8827DF0BDCDCC4, DB900F3287805E2F9284B79F, 81EDDBD800BC4A5F4AA0C419, 2B77E32265DE92BBC4F7960F, 00D7EB41614D5090B4228348, 16F9527D38949E215C7B837F, 9F4385F92AD3BDE733E4F52E, E8732DC215DC90814621832D, 870F3A15DFCE1F9EEFC0D781, 95046D11936987E148479C8C, 894D6F9CED9CFDFACEDB72B1, 7757C2B6F1FBF4EA00A80D03, 33255ED830C8273EF3007EB8, 7FD4B1A86DC4444293A41F62, 2C6F527E07CBA703643EE742, ); runOnlyForDeploymentPostprocessing = 0;};
  63529EBF71AFF2BC8FD956EA = {isa = XCBuildConfiguration; buildSettings = { PRODUCT_NAME = "$(TARGET_NAME)"; PRODUCT_BUNDLE_IDENTIFIER = "com.example.CalorieCut"; SWIFT_VERSION = "5.0"; IPHONEOS_DEPLOYMENT_TARGET = "17.0"; TARGETED_DEVICE_FAMILY = "1"; CODE_SIGN_STYLE = "Automatic"; DEVELOPMENT_TEAM = ""; SDKROOT = "iphoneos"; SUPPORTED_PLATFORMS = "iphoneos iphonesimulator"; SUPPORTS_MACCATALYST = "NO"; SWIFT_EMIT_LOC_STRINGS = "YES"; ENABLE_PREVIEWS = "YES"; SWIFT_OPTIMIZATION_LEVEL = "-O"; GENERATE_INFOPLIST_FILE = "NO"; INFOPLIST_FILE = "CalorieCut/Resources/Info.plist"; ASSETCATALOG_COMPILER_APPICON_NAME = "AppIcon"; ASSETCATALOG_COMPILER_GLOBAL_ACCENT_COLOR_NAME = "AccentColor"; MARKETING_VERSION = "1.0.0"; CURRENT_PROJECT_VERSION = "1"; LD_RUNPATH_SEARCH_PATHS = "$(inherited) @executable_path/Frameworks"; }; name = Release;};
  63AAF63FED4E3608522B7ED9 = {isa = PBXBuildFile; fileRef = 0E648D4B5312D5E7F469880A;};
  6761E8C94E78DDB831003CE4 = {isa = PBXFileReference; lastKnownFileType = sourcecode.swift; path = "Views/AddFood/FoodEditor.swift"; sourceTree = "<group>";};
  69839D9334E102189224EC68 = {isa = PBXFileReference; lastKnownFileType = sourcecode.swift; path = "Views/Home/HomeView.swift"; sourceTree = "<group>";};
  6F75480D774A8B9467D27A73 = {isa = PBXTargetDependency; target = B4FA0BFB84F99CF469BBFAD6; targetProxy = 2D812023B22279D8D42800C6;};
  74BDF093388AB0693A92D712 = {isa = PBXFileReference; lastKnownFileType = sourcecode.swift; path = "Views/Settings/ReminderSettingsView.swift"; sourceTree = "<group>";};
  7757C2B6F1FBF4EA00A80D03 = {isa = PBXBuildFile; fileRef = 3F21F80759ECE8A1EAFD5CD5;};
  792FC995B8BEC8165AAA30AF = {isa = PBXFileReference; lastKnownFileType = sourcecode.swift; path = "ViewModels/AppStore.swift"; sourceTree = "<group>";};
  79685056B7F1156AFAC49DCE = {isa = PBXBuildFile; fileRef = 32F2114E9EDA9F4598F72479;};
  7FD4B1A86DC4444293A41F62 = {isa = PBXBuildFile; fileRef = 74BDF093388AB0693A92D712;};
  8055813C188E394F75F84933 = {isa = PBXFileReference; lastKnownFileType = sourcecode.swift; path = "Services/SampleFoods.swift"; sourceTree = "<group>";};
  80D67B0DB94C38F2BC649E59 = {isa = PBXBuildFile; fileRef = 8055813C188E394F75F84933;};
  816C2FFD6084153FEDAB02FA = {isa = PBXFileReference; lastKnownFileType = sourcecode.swift; path = "Views/Diary/CalendarScreen.swift"; sourceTree = "<group>";};
  81EDDBD800BC4A5F4AA0C419 = {isa = PBXBuildFile; fileRef = BFAED2B94E079FD39416FB56;};
  8233A44022E014313732BEFC = {isa = PBXResourcesBuildPhase; buildActionMask = 2147483647; files = (); runOnlyForDeploymentPostprocessing = 0;};
  870F3A15DFCE1F9EEFC0D781 = {isa = PBXBuildFile; fileRef = 8CFFFCCAB2E7E9A26AD35E1D;};
  872AFF8CF96426B2FB5DF3EE = {isa = PBXFrameworksBuildPhase; buildActionMask = 2147483647; files = (); runOnlyForDeploymentPostprocessing = 0;};
  894D6F9CED9CFDFACEDB72B1 = {isa = PBXBuildFile; fileRef = 218E18563DE7C0C28F2632B3;};
  8CFFFCCAB2E7E9A26AD35E1D = {isa = PBXFileReference; lastKnownFileType = sourcecode.swift; path = "Views/Onboarding/OnboardingView.swift"; sourceTree = "<group>";};
  9170CB2C722DAA146CFB52B2 = {isa = PBXGroup; children = ( F94EDD3F72CA27C968DFBA08, 39DAF8FA6432844A86002DEA, 4D29F96043A54D4B5B6AC301, BF62AA98376D009319A215C2, B0D147C5E33B1E716BDABDFE, C6501514631B2BACECF38E83, 0E648D4B5312D5E7F469880A, FBA5CC73A6BD354BCDF60012, 92F074598E92CE72F34E423C, 8055813C188E394F75F84933, 212E30202E2EBE59639C3B2F, 32F2114E9EDA9F4598F72479, AF225B0BC5654257277D3D63, 792FC995B8BEC8165AAA30AF, 6761E8C94E78DDB831003CE4, 0F98D2893D4A9D9610C6F775, BFAED2B94E079FD39416FB56, 816C2FFD6084153FEDAB02FA, 25612E6DA42C421D20C6D3D9, 42B06850715DE293DDE93DC9, 69839D9334E102189224EC68, F672D744D152C7BBB104B552, 8CFFFCCAB2E7E9A26AD35E1D, 52B3DC179893DC992AD78285, 218E18563DE7C0C28F2632B3, 3F21F80759ECE8A1EAFD5CD5, D831F72DBEB741585285C847, 74BDF093388AB0693A92D712, ADF9495F03053D8B0A121056, B8FA18644A594FE11B39A425, 392BDC3F55CEC1885F16285B, 618BD4A958228A573C7BF3F6, ); path = CalorieCut; sourceTree = "<group>";};
  92F074598E92CE72F34E423C = {isa = PBXFileReference; lastKnownFileType = sourcecode.swift; path = "Services/NutritionEngine.swift"; sourceTree = "<group>";};
  95046D11936987E148479C8C = {isa = PBXBuildFile; fileRef = 52B3DC179893DC992AD78285;};
  95C23DE335DB07D154EE4BB4 = {isa = PBXFileReference; lastKnownFileType = sourcecode.swift; path = "NotificationTests.swift"; sourceTree = "<group>";};
  977DCB24316727C009CB98F3 = {isa = PBXBuildFile; fileRef = 5D926B7D877B72BDB9D42830;};
  9879E227F5AD614B3D33074F = {isa = XCConfigurationList; buildConfigurations = ( 3CCE7051BAA1B8E65CDEECD3, EB9B6A82A6FECD10C0E43155, ); defaultConfigurationIsVisible = 0; defaultConfigurationName = Release;};
  98C7E4E55DFE75AC41498A5F = {isa = PBXGroup; children = ( 37914F1FC4D176CB8DEBF89E, ); path = CalorieCutUITests; sourceTree = "<group>";};
  9C38E987EF279E0C8D1D39FA = {isa = PBXBuildFile; fileRef = 30A3E2BF0AEF48DF1D60EED5;};
  9D58BC5006494BBFB4BBED7E = {isa = PBXFileReference; explicitFileType = wrapper.application; includeInIndex = 0; path = CalorieCut.app; sourceTree = BUILT_PRODUCTS_DIR;};
  9F4385F92AD3BDE733E4F52E = {isa = PBXBuildFile; fileRef = 69839D9334E102189224EC68;};
  A683F52667C307A739D62FF9 = {isa = XCConfigurationList; buildConfigurations = ( CA4DD1CE765CED1597B17F7D, 63529EBF71AFF2BC8FD956EA, ); defaultConfigurationIsVisible = 0; defaultConfigurationName = Release;};
  AA94B2A8EFF1E3B210B87161 = {isa = PBXBuildFile; fileRef = AF225B0BC5654257277D3D63;};
  ACEE0C31838CCD41681E8390 = {isa = XCBuildConfiguration; buildSettings = { PRODUCT_NAME = "$(TARGET_NAME)"; PRODUCT_BUNDLE_IDENTIFIER = "com.example.CalorieCutUITests"; SWIFT_VERSION = "5.0"; IPHONEOS_DEPLOYMENT_TARGET = "17.0"; TARGETED_DEVICE_FAMILY = "1"; CODE_SIGN_STYLE = "Automatic"; DEVELOPMENT_TEAM = ""; SDKROOT = "iphoneos"; SUPPORTED_PLATFORMS = "iphoneos iphonesimulator"; SUPPORTS_MACCATALYST = "NO"; SWIFT_EMIT_LOC_STRINGS = "YES"; ENABLE_PREVIEWS = "YES"; SWIFT_OPTIMIZATION_LEVEL = "-O"; GENERATE_INFOPLIST_FILE = "YES"; LD_RUNPATH_SEARCH_PATHS = "$(inherited) @executable_path/Frameworks @loader_path/Frameworks"; TEST_TARGET_NAME = "CalorieCut"; }; name = Release;};
  ADF9495F03053D8B0A121056 = {isa = PBXFileReference; lastKnownFileType = sourcecode.swift; path = "Views/Settings/SettingsView.swift"; sourceTree = "<group>";};
  AF225B0BC5654257277D3D63 = {isa = PBXFileReference; lastKnownFileType = sourcecode.swift; path = "Utilities/ModelAdapters.swift"; sourceTree = "<group>";};
  AF960977424106B123FAF0EF = {isa = PBXBuildFile; fileRef = 95C23DE335DB07D154EE4BB4;};
  AFE67552C34A63CD86628984 = {isa = XCBuildConfiguration; buildSettings = { PRODUCT_NAME = "$(TARGET_NAME)"; PRODUCT_BUNDLE_IDENTIFIER = "com.example.CalorieCutTests"; SWIFT_VERSION = "5.0"; IPHONEOS_DEPLOYMENT_TARGET = "17.0"; TARGETED_DEVICE_FAMILY = "1"; CODE_SIGN_STYLE = "Automatic"; DEVELOPMENT_TEAM = ""; SDKROOT = "iphoneos"; SUPPORTED_PLATFORMS = "iphoneos iphonesimulator"; SUPPORTS_MACCATALYST = "NO"; SWIFT_EMIT_LOC_STRINGS = "YES"; ENABLE_PREVIEWS = "YES"; SWIFT_OPTIMIZATION_LEVEL = "-O"; GENERATE_INFOPLIST_FILE = "YES"; LD_RUNPATH_SEARCH_PATHS = "$(inherited) @executable_path/Frameworks @loader_path/Frameworks"; TEST_HOST = "$(BUILT_PRODUCTS_DIR)/CalorieCut.app/CalorieCut"; BUNDLE_LOADER = "$(TEST_HOST)"; }; name = Release;};
  B0A78262212BD74DA82DF4BE = {isa = PBXBuildFile; fileRef = FBA5CC73A6BD354BCDF60012;};
  B0D147C5E33B1E716BDABDFE = {isa = PBXFileReference; lastKnownFileType = sourcecode.swift; path = "Models/Models.swift"; sourceTree = "<group>";};
  B4FA0BFB84F99CF469BBFAD6 = {isa = PBXNativeTarget; buildConfigurationList = A683F52667C307A739D62FF9; buildPhases = ( 62C17AA03FEF0D27CCAEC35C, BBC2084F617A46C2EC812E2D, C8E5B32BC8E2F5501CBDB7EC, ); buildRules = (); dependencies = (); name = CalorieCut; productName = CalorieCut; productReference = 9D58BC5006494BBFB4BBED7E; productType = "com.apple.product-type.application";};
  B80C4012C2D2AC89A79009ED = {isa = XCBuildConfiguration; buildSettings = { PRODUCT_NAME = "$(TARGET_NAME)"; PRODUCT_BUNDLE_IDENTIFIER = "com.example.CalorieCutUITests"; SWIFT_VERSION = "5.0"; IPHONEOS_DEPLOYMENT_TARGET = "17.0"; TARGETED_DEVICE_FAMILY = "1"; CODE_SIGN_STYLE = "Automatic"; DEVELOPMENT_TEAM = ""; SDKROOT = "iphoneos"; SUPPORTED_PLATFORMS = "iphoneos iphonesimulator"; SUPPORTS_MACCATALYST = "NO"; SWIFT_EMIT_LOC_STRINGS = "YES"; ENABLE_PREVIEWS = "YES"; SWIFT_OPTIMIZATION_LEVEL = "-Onone"; GENERATE_INFOPLIST_FILE = "YES"; LD_RUNPATH_SEARCH_PATHS = "$(inherited) @executable_path/Frameworks @loader_path/Frameworks"; TEST_TARGET_NAME = "CalorieCut"; }; name = Debug;};
  B8FA18644A594FE11B39A425 = {isa = PBXFileReference; lastKnownFileType = folder.assetcatalog; path = "Resources/Assets.xcassets"; sourceTree = "<group>";};
  BBC2084F617A46C2EC812E2D = {isa = PBXFrameworksBuildPhase; buildActionMask = 2147483647; files = (); runOnlyForDeploymentPostprocessing = 0;};
  BF62AA98376D009319A215C2 = {isa = PBXFileReference; lastKnownFileType = sourcecode.swift; path = "Models/Enums.swift"; sourceTree = "<group>";};
  BFAED2B94E079FD39416FB56 = {isa = PBXFileReference; lastKnownFileType = sourcecode.swift; path = "Views/AddFood/MealComposer.swift"; sourceTree = "<group>";};
  C1B348F3D4556C7A8D4772ED = {isa = PBXBuildFile; fileRef = 4D29F96043A54D4B5B6AC301;};
  C4E4EC6AF5A9A246DB927B1F = {isa = PBXBuildFile; fileRef = F94EDD3F72CA27C968DFBA08;};
  C6501514631B2BACECF38E83 = {isa = PBXFileReference; lastKnownFileType = sourcecode.swift; path = "Services/BackupCodec.swift"; sourceTree = "<group>";};
  C66521183CE2AFA777E2613E = {isa = PBXTargetDependency; target = B4FA0BFB84F99CF469BBFAD6; targetProxy = 5C27E0885D8514EDEF3D315E;};
  C8E5B32BC8E2F5501CBDB7EC = {isa = PBXResourcesBuildPhase; buildActionMask = 2147483647; files = ( 0561B6B779527A2FA058B6AB, D04AF157FB143F17000DA183, ); runOnlyForDeploymentPostprocessing = 0;};
  CA4DD1CE765CED1597B17F7D = {isa = XCBuildConfiguration; buildSettings = { PRODUCT_NAME = "$(TARGET_NAME)"; PRODUCT_BUNDLE_IDENTIFIER = "com.example.CalorieCut"; SWIFT_VERSION = "5.0"; IPHONEOS_DEPLOYMENT_TARGET = "17.0"; TARGETED_DEVICE_FAMILY = "1"; CODE_SIGN_STYLE = "Automatic"; DEVELOPMENT_TEAM = ""; SDKROOT = "iphoneos"; SUPPORTED_PLATFORMS = "iphoneos iphonesimulator"; SUPPORTS_MACCATALYST = "NO"; SWIFT_EMIT_LOC_STRINGS = "YES"; ENABLE_PREVIEWS = "YES"; SWIFT_OPTIMIZATION_LEVEL = "-Onone"; GENERATE_INFOPLIST_FILE = "NO"; INFOPLIST_FILE = "CalorieCut/Resources/Info.plist"; ASSETCATALOG_COMPILER_APPICON_NAME = "AppIcon"; ASSETCATALOG_COMPILER_GLOBAL_ACCENT_COLOR_NAME = "AccentColor"; MARKETING_VERSION = "1.0.0"; CURRENT_PROJECT_VERSION = "1"; LD_RUNPATH_SEARCH_PATHS = "$(inherited) @executable_path/Frameworks"; }; name = Debug;};
  D04AF157FB143F17000DA183 = {isa = PBXBuildFile; fileRef = 392BDC3F55CEC1885F16285B;};
  D292CCE3028C1187DD2A3E20 = {isa = PBXSourcesBuildPhase; buildActionMask = 2147483647; files = ( 4F8A62816F4D613D23E809FE, ); runOnlyForDeploymentPostprocessing = 0;};
  D565FD57DCB09BAB8B6C2C64 = {isa = PBXNativeTarget; buildConfigurationList = DDC6A7C92B05FB020CFD3C8A; buildPhases = ( D292CCE3028C1187DD2A3E20, 3481DD4849C10AF3E68D5E3E, 274CC549B55556E5F08CBC01, ); buildRules = (); dependencies = ( C66521183CE2AFA777E2613E, ); name = CalorieCutUITests; productName = CalorieCutUITests; productReference = FEF24A03E218B7E661F1514E; productType = "com.apple.product-type.bundle.ui-testing";};
  D831F72DBEB741585285C847 = {isa = PBXFileReference; lastKnownFileType = sourcecode.swift; path = "Views/Review/ReviewView.swift"; sourceTree = "<group>";};
  DB900F3287805E2F9284B79F = {isa = PBXBuildFile; fileRef = 0F98D2893D4A9D9610C6F775;};
  DDC6A7C92B05FB020CFD3C8A = {isa = XCConfigurationList; buildConfigurations = ( B80C4012C2D2AC89A79009ED, ACEE0C31838CCD41681E8390, ); defaultConfigurationIsVisible = 0; defaultConfigurationName = Release;};
  E20117F426AABB6B3C55B80E = {isa = PBXSourcesBuildPhase; buildActionMask = 2147483647; files = ( 110A5DF01E95D802C713DBF9, 9C38E987EF279E0C8D1D39FA, AF960977424106B123FAF0EF, 977DCB24316727C009CB98F3, ); runOnlyForDeploymentPostprocessing = 0;};
  E8732DC215DC90814621832D = {isa = PBXBuildFile; fileRef = F672D744D152C7BBB104B552;};
  E9976E98DF4405BB1B1BA213 = {isa = PBXBuildFile; fileRef = 792FC995B8BEC8165AAA30AF;};
  EB9B6A82A6FECD10C0E43155 = {isa = XCBuildConfiguration; buildSettings = { CLANG_ENABLE_MODULES = "YES"; CLANG_ENABLE_OBJC_ARC = "YES"; CLANG_WARN_DOCUMENTATION_COMMENTS = "YES"; CLANG_WARN_QUOTED_INCLUDE_IN_FRAMEWORK_HEADER = "YES"; GCC_C_LANGUAGE_STANDARD = "gnu17"; SWIFT_STRICT_CONCURRENCY = "targeted"; DEBUG_INFORMATION_FORMAT = "dwarf-with-dsym"; ENABLE_TESTABILITY = "NO"; ONLY_ACTIVE_ARCH = "NO"; SWIFT_ACTIVE_COMPILATION_CONDITIONS = "$(inherited)"; }; name = Release;};
  EC1D68DC03611C6D5D2BF83A = {isa = PBXBuildFile; fileRef = 212E30202E2EBE59639C3B2F;};
  EF122B9C670CF5D23664C22A = {isa = PBXFileReference; lastKnownFileType = sourcecode.swift; path = "BackupAndTotalsTests.swift"; sourceTree = "<group>";};
  EF91A4F8DB8827DF0BDCDCC4 = {isa = PBXBuildFile; fileRef = 6761E8C94E78DDB831003CE4;};
  F672D744D152C7BBB104B552 = {isa = PBXFileReference; lastKnownFileType = sourcecode.swift; path = "Views/Home/WaterTracker.swift"; sourceTree = "<group>";};
  F8C24B7E9944685765D32C9E = {isa = XCConfigurationList; buildConfigurations = ( FB0F5FA370CD8911BC24A344, AFE67552C34A63CD86628984, ); defaultConfigurationIsVisible = 0; defaultConfigurationName = Release;};
  F94EDD3F72CA27C968DFBA08 = {isa = PBXFileReference; lastKnownFileType = sourcecode.swift; path = "App/CalorieCutApp.swift"; sourceTree = "<group>";};
  F96C30CB74542D621CCBAA58 = {isa = PBXBuildFile; fileRef = C6501514631B2BACECF38E83;};
  FB0F5FA370CD8911BC24A344 = {isa = XCBuildConfiguration; buildSettings = { PRODUCT_NAME = "$(TARGET_NAME)"; PRODUCT_BUNDLE_IDENTIFIER = "com.example.CalorieCutTests"; SWIFT_VERSION = "5.0"; IPHONEOS_DEPLOYMENT_TARGET = "17.0"; TARGETED_DEVICE_FAMILY = "1"; CODE_SIGN_STYLE = "Automatic"; DEVELOPMENT_TEAM = ""; SDKROOT = "iphoneos"; SUPPORTED_PLATFORMS = "iphoneos iphonesimulator"; SUPPORTS_MACCATALYST = "NO"; SWIFT_EMIT_LOC_STRINGS = "YES"; ENABLE_PREVIEWS = "YES"; SWIFT_OPTIMIZATION_LEVEL = "-Onone"; GENERATE_INFOPLIST_FILE = "YES"; LD_RUNPATH_SEARCH_PATHS = "$(inherited) @executable_path/Frameworks @loader_path/Frameworks"; TEST_HOST = "$(BUILT_PRODUCTS_DIR)/CalorieCut.app/CalorieCut"; BUNDLE_LOADER = "$(TEST_HOST)"; }; name = Debug;};
  FBA5CC73A6BD354BCDF60012 = {isa = PBXFileReference; lastKnownFileType = sourcecode.swift; path = "Services/NotificationService.swift"; sourceTree = "<group>";};
  FEF24A03E218B7E661F1514E = {isa = PBXFileReference; explicitFileType = wrapper.cfbundle; includeInIndex = 0; path = CalorieCutUITests.xctest; sourceTree = BUILT_PRODUCTS_DIR;};
 };
 rootObject = 244210E48437B6556980A702;
}
