<?xml version="1.0" encoding="UTF-8"?>
<Scheme LastUpgradeVersion="1600" version="1.7">
 <BuildAction parallelizeBuildables="YES" buildImplicitDependencies="YES"><BuildActionEntries>
  <BuildActionEntry buildForTesting="YES" buildForRunning="YES" buildForProfiling="YES" buildForArchiving="YES" buildForAnalyzing="YES"><BuildableReference BuildableIdentifier="primary" BlueprintIdentifier="B4FA0BFB84F99CF469BBFAD6" BuildableName="CalorieCut.app" BlueprintName="CalorieCut" ReferencedContainer="container:CalorieCut.xcodeproj"/></BuildActionEntry>
  <BuildActionEntry buildForTesting="YES" buildForRunning="NO" buildForProfiling="NO" buildForArchiving="NO" buildForAnalyzing="NO"><BuildableReference BuildableIdentifier="primary" BlueprintIdentifier="5A6D0943210102DB705EEADF" BuildableName="CalorieCutTests.xctest" BlueprintName="CalorieCutTests" ReferencedContainer="container:CalorieCut.xcodeproj"/></BuildActionEntry>
  <BuildActionEntry buildForTesting="YES" buildForRunning="NO" buildForProfiling="NO" buildForArchiving="NO" buildForAnalyzing="NO"><BuildableReference BuildableIdentifier="primary" BlueprintIdentifier="D565FD57DCB09BAB8B6C2C64" BuildableName="CalorieCutUITests.xctest" BlueprintName="CalorieCutUITests" ReferencedContainer="container:CalorieCut.xcodeproj"/></BuildActionEntry>
 </BuildActionEntries></BuildAction>
 <TestAction buildConfiguration="Debug" selectedDebuggerIdentifier="Xcode.DebuggerFoundation.Debugger.LLDB" selectedLauncherIdentifier="Xcode.IDEFoundation.Launcher.LLDB" shouldUseLaunchSchemeArgsEnv="YES"><Testables>
  <TestableReference skipped="NO"><BuildableReference BuildableIdentifier="primary" BlueprintIdentifier="5A6D0943210102DB705EEADF" BuildableName="CalorieCutTests.xctest" BlueprintName="CalorieCutTests" ReferencedContainer="container:CalorieCut.xcodeproj"/></TestableReference>
  <TestableReference skipped="NO"><BuildableReference BuildableIdentifier="primary" BlueprintIdentifier="D565FD57DCB09BAB8B6C2C64" BuildableName="CalorieCutUITests.xctest" BlueprintName="CalorieCutUITests" ReferencedContainer="container:CalorieCut.xcodeproj"/></TestableReference>
 </Testables></TestAction>
 <LaunchAction buildConfiguration="Debug" selectedDebuggerIdentifier="Xcode.DebuggerFoundation.Debugger.LLDB" selectedLauncherIdentifier="Xcode.IDEFoundation.Launcher.LLDB" launchStyle="0" useCustomWorkingDirectory="NO" ignoresPersistentStateOnLaunch="NO" debugDocumentVersioning="YES" debugServiceExtension="internal" allowLocationSimulation="YES"><BuildableProductRunnable runnableDebuggingMode="0"><BuildableReference BuildableIdentifier="primary" BlueprintIdentifier="B4FA0BFB84F99CF469BBFAD6" BuildableName="CalorieCut.app" BlueprintName="CalorieCut" ReferencedContainer="container:CalorieCut.xcodeproj"/></BuildableProductRunnable></LaunchAction>
 <ProfileAction buildConfiguration="Release" shouldUseLaunchSchemeArgsEnv="YES" savedToolIdentifier="" useCustomWorkingDirectory="NO" debugDocumentVersioning="YES"><BuildableProductRunnable runnableDebuggingMode="0"><BuildableReference BuildableIdentifier="primary" BlueprintIdentifier="B4FA0BFB84F99CF469BBFAD6" BuildableName="CalorieCut.app" BlueprintName="CalorieCut" ReferencedContainer="container:CalorieCut.xcodeproj"/></BuildableProductRunnable></ProfileAction>
 <AnalyzeAction buildConfiguration="Debug"/>
 <ArchiveAction buildConfiguration="Release" revealArchiveInOrganizer="YES"/>
</Scheme>
